
Microsoft Visual Studio Solution File, Format Version 12.00
# Visual Studio 15
VisualStudioVersion = 15.0.28307.489
MinimumVisualStudioVersion = 10.0.40219.1
Project("{FAE04EC0-301F-11D3-BF4B-00C04F79EFBC}") = "ShopApi", "ShopApi\ShopApi.csproj", "{592E5A7D-8FE2-4B50-A46D-711143727D98}"
EndProject
Global
	GlobalSection(SolutionConfigurationPlatforms) = preSolution
		Debug|Any CPU = Debug|Any CPU
		Release|Any CPU = Release|Any CPU
	EndGlobalSection
	GlobalSection(ProjectConfigurationPlatforms) = postSolution
		{592E5A7D-8FE2-4B50-A46D-711143727D98}.Debug|Any CPU.ActiveCfg = Debug|Any CPU
		{592E5A7D-8FE2-4B50-A46D-711143727D98}.Debug|Any CPU.Build.0 = Debug|Any CPU
		{592E5A7D-8FE2-4B50-A46D-711143727D98}.Release|Any CPU.ActiveCfg = Release|Any CPU
		{592E5A7D-8FE2-4B50-A46D-711143727D98}.Release|Any CPU.Build.0 = Release|Any CPU
	EndGlobalSection
	GlobalSection(SolutionProperties) = preSolution
		HideSolutionNode = FALSE
	EndGlobalSection
	GlobalSection(ExtensibilityGlobals) = postSolution
		SolutionGuid = {19D71FBC-7FE5-46F7-9ED5-48C11BB551C2}
	EndGlobalSection
EndGlobal
